// !$*UTF8*$!
{
	archiveVersion = 1;
	classes = {
	};
	objectVersion = 46;
	objects = {

/* Begin PBXBuildFile section */
		605F3B7A12AD7AE900D0103C /* GHFile.m in Sources */ = {isa = PBXBuildFile; fileRef = 605F3B7912AD7AE900D0103C /* GHFile.m */; };
		6077C93D12AD661E00E32F07 /* GHBlobParser.m in Sources */ = {isa = PBXBuildFile; fileRef = 6077C93C12AD661E00E32F07 /* GHBlobParser.m */; };
		6091D3E412AD5612005722BD /* Cocoa.framework in Frameworks */ = {isa = PBXBuildFile; fileRef = 6091D3E312AD5612005722BD /* Cocoa.framework */; };
		6091D3E912AD5612005722BD /* InfoPlist.strings in Resources */ = {isa = PBXBuildFile; fileRef = 6091D3E712AD5612005722BD /* InfoPlist.strings */; };
		6091D3EB12AD5612005722BD /* main.m in Sources */ = {isa = PBXBuildFile; fileRef = 6091D3EA12AD5612005722BD /* main.m */; };
		6091D3EE12AD5612005722BD /* MainMenu.xib in Resources */ = {isa = PBXBuildFile; fileRef = 6091D3EC12AD5612005722BD /* MainMenu.xib */; };
		6091D3F112AD5612005722BD /* Credits.rtf in Resources */ = {isa = PBXBuildFile; fileRef = 6091D3EF12AD5612005722BD /* Credits.rtf */; };
		6091D3F412AD5612005722BD /* FUSEHubAppDelegate.m in Sources */ = {isa = PBXBuildFile; fileRef = 6091D3F312AD5612005722BD /* FUSEHubAppDelegate.m */; };
		6091D40212AD569E005722BD /* MacFUSE.framework in Frameworks */ = {isa = PBXBuildFile; fileRef = 6091D40112AD569E005722BD /* MacFUSE.framework */; };
		6091D40512AD56D0005722BD /* GHFileSystem.m in Sources */ = {isa = PBXBuildFile; fileRef = 6091D40412AD56D0005722BD /* GHFileSystem.m */; };
		6091D40712AD5805005722BD /* Fuse.icns in Resources */ = {isa = PBXBuildFile; fileRef = 6091D40612AD5805005722BD /* Fuse.icns */; };
		60A500E312AEA2A900893CDF /* ASIDataCompressor.m in Sources */ = {isa = PBXBuildFile; fileRef = 60A500D312AEA2A900893CDF /* ASIDataCompressor.m */; };
		60A500E412AEA2A900893CDF /* ASIDataDecompressor.m in Sources */ = {isa = PBXBuildFile; fileRef = 60A500D512AEA2A900893CDF /* ASIDataDecompressor.m */; };
		60A500E512AEA2A900893CDF /* ASIDownloadCache.m in Sources */ = {isa = PBXBuildFile; fileRef = 60A500D712AEA2A900893CDF /* ASIDownloadCache.m */; };
		60A500E612AEA2A900893CDF /* ASIFormDataRequest.m in Sources */ = {isa = PBXBuildFile; fileRef = 60A500D912AEA2A900893CDF /* ASIFormDataRequest.m */; };
		60A500E712AEA2A900893CDF /* ASIHTTPRequest.m in Sources */ = {isa = PBXBuildFile; fileRef = 60A500DB12AEA2A900893CDF /* ASIHTTPRequest.m */; };
		60A500E812AEA2A900893CDF /* ASIInputStream.m in Sources */ = {isa = PBXBuildFile; fileRef = 60A500DF12AEA2A900893CDF /* ASIInputStream.m */; };
		60A500E912AEA2A900893CDF /* ASINetworkQueue.m in Sources */ = {isa = PBXBuildFile; fileRef = 60A500E112AEA2A900893CDF /* ASINetworkQueue.m */; };
		60A500EB12AEA38C00893CDF /* libz.dylib in Frameworks */ = {isa = PBXBuildFile; fileRef = 60A500EA12AEA38C00893CDF /* libz.dylib */; };
		60A500ED12AEA39700893CDF /* CoreServices.framework in Frameworks */ = {isa = PBXBuildFile; fileRef = 60A500EC12AEA39700893CDF /* CoreServices.framework */; };
		60A500EF12AEA39D00893CDF /* SystemConfiguration.framework in Frameworks */ = {isa = PBXBuildFile; fileRef = 60A500EE12AEA39D00893CDF /* SystemConfiguration.framework */; };
/* End PBXBuildFile section */

/* Begin PBXCopyFilesBuildPhase section */
		6077C94512AD6A6100E32F07 /* CopyFiles */ = {
			isa = PBXCopyFilesBuildPhase;
			buildActionMask = 2147483647;
			dstPath = "";
			dstSubfolderSpec = 10;
			files = (
			);
			runOnlyForDeploymentPostprocessing = 0;
		};
/* End PBXCopyFilesBuildPhase section */

/* Begin PBXFileReference section */
		605F3B7812AD7AE900D0103C /* GHFile.h */ = {isa = PBXFileReference; fileEncoding = 4; lastKnownFileType = sourcecode.c.h; path = GHFile.h; sourceTree = "<group>"; };
		605F3B7912AD7AE900D0103C /* GHFile.m */ = {isa = PBXFileReference; fileEncoding = 4; lastKnownFileType = sourcecode.c.objc; path = GHFile.m; sourceTree = "<group>"; };
		6077C93B12AD661E00E32F07 /* GHBlobParser.h */ = {isa = PBXFileReference; fileEncoding = 4; lastKnownFileType = sourcecode.c.h; path = GHBlobParser.h; sourceTree = "<group>"; };
		6077C93C12AD661E00E32F07 /* GHBlobParser.m */ = {isa = PBXFileReference; fileEncoding = 4; lastKnownFileType = sourcecode.c.objc; path = GHBlobParser.m; sourceTree = "<group>"; };
		6091D3E012AD5612005722BD /* FUSEHub.app */ = {isa = PBXFileReference; explicitFileType = wrapper.application; includeInIndex = 0; path = FUSEHub.app; sourceTree = BUILT_PRODUCTS_DIR; };
		6091D3E312AD5612005722BD /* Cocoa.framework */ = {isa = PBXFileReference; lastKnownFileType = wrapper.framework; name = Cocoa.framework; path = System/Library/Frameworks/Cocoa.framework; sourceTree = SDKROOT; };
		6091D3E512AD5612005722BD /* FUSEHub-Info.plist */ = {isa = PBXFileReference; lastKnownFileType = text.plist.xml; path = "FUSEHub-Info.plist"; sourceTree = "<group>"; };
		6091D3E612AD5612005722BD /* FUSEHub_Prefix.pch */ = {isa = PBXFileReference; lastKnownFileType = sourcecode.c.h; path = FUSEHub_Prefix.pch; sourceTree = "<group>"; };
		6091D3E812AD5612005722BD /* en */ = {isa = PBXFileReference; lastKnownFileType = text.plist.strings; name = en; path = en.lproj/InfoPlist.strings; sourceTree = "<group>"; };
		6091D3EA12AD5612005722BD /* main.m */ = {isa = PBXFileReference; lastKnownFileType = sourcecode.c.objc; path = main.m; sourceTree = "<group>"; };
		6091D3ED12AD5612005722BD /* en */ = {isa = PBXFileReference; lastKnownFileType = file.xib; name = en; path = en.lproj/MainMenu.xib; sourceTree = "<group>"; };
		6091D3F012AD5612005722BD /* en */ = {isa = PBXFileReference; lastKnownFileType = text.rtf; name = en; path = en.lproj/Credits.rtf; sourceTree = "<group>"; };
		6091D3F212AD5612005722BD /* FUSEHubAppDelegate.h */ = {isa = PBXFileReference; lastKnownFileType = sourcecode.c.h; path = FUSEHubAppDelegate.h; sourceTree = "<group>"; };
		6091D3F312AD5612005722BD /* FUSEHubAppDelegate.m */ = {isa = PBXFileReference; lastKnownFileType = sourcecode.c.objc; path = FUSEHubAppDelegate.m; sourceTree = "<group>"; };
		6091D40112AD569E005722BD /* MacFUSE.framework */ = {isa = PBXFileReference; lastKnownFileType = wrapper.framework; name = MacFUSE.framework; path = /Library/Frameworks/MacFUSE.framework; sourceTree = "<absolute>"; };
		6091D40312AD56D0005722BD /* GHFileSystem.h */ = {isa = PBXFileReference; fileEncoding = 4; lastKnownFileType = sourcecode.c.h; path = GHFileSystem.h; sourceTree = "<group>"; };
		6091D40412AD56D0005722BD /* GHFileSystem.m */ = {isa = PBXFileReference; fileEncoding = 4; lastKnownFileType = sourcecode.c.objc; path = GHFileSystem.m; sourceTree = "<group>"; };
		6091D40612AD5805005722BD /* Fuse.icns */ = {isa = PBXFileReference; lastKnownFileType = image.icns; path = Fuse.icns; sourceTree = "<group>"; };
		60A500D112AEA2A900893CDF /* ASICacheDelegate.h */ = {isa = PBXFileReference; fileEncoding = 4; lastKnownFileType = sourcecode.c.h; path = ASICacheDelegate.h; sourceTree = "<group>"; };
		60A500D212AEA2A900893CDF /* ASIDataCompressor.h */ = {isa = PBXFileReference; fileEncoding = 4; lastKnownFileType = sourcecode.c.h; path = ASIDataCompressor.h; sourceTree = "<group>"; };
		60A500D312AEA2A900893CDF /* ASIDataCompressor.m */ = {isa = PBXFileReference; fileEncoding = 4; lastKnownFileType = sourcecode.c.objc; path = ASIDataCompressor.m; sourceTree = "<group>"; };
		60A500D412AEA2A900893CDF /* ASIDataDecompressor.h */ = {isa = PBXFileReference; fileEncoding = 4; lastKnownFileType = sourcecode.c.h; path = ASIDataDecompressor.h; sourceTree = "<group>"; };
		60A500D512AEA2A900893CDF /* ASIDataDecompressor.m */ = {isa = PBXFileReference; fileEncoding = 4; lastKnownFileType = sourcecode.c.objc; path = ASIDataDecompressor.m; sourceTree = "<group>"; };
		60A500D612AEA2A900893CDF /* ASIDownloadCache.h */ = {isa = PBXFileReference; fileEncoding = 4; lastKnownFileType = sourcecode.c.h; path = ASIDownloadCache.h; sourceTree = "<group>"; };
		60A500D712AEA2A900893CDF /* ASIDownloadCache.m */ = {isa = PBXFileReference; fileEncoding = 4; lastKnownFileType = sourcecode.c.objc; path = ASIDownloadCache.m; sourceTree = "<group>"; };
		60A500D812AEA2A900893CDF /* ASIFormDataRequest.h */ = {isa = PBXFileReference; fileEncoding = 4; lastKnownFileType = sourcecode.c.h; path = ASIFormDataRequest.h; sourceTree = "<group>"; };
		60A500D912AEA2A900893CDF /* ASIFormDataRequest.m */ = {isa = PBXFileReference; fileEncoding = 4; lastKnownFileType = sourcecode.c.objc; path = ASIFormDataRequest.m; sourceTree = "<group>"; };
		60A500DA12AEA2A900893CDF /* ASIHTTPRequest.h */ = {isa = PBXFileReference; fileEncoding = 4; lastKnownFileType = sourcecode.c.h; path = ASIHTTPRequest.h; sourceTree = "<group>"; };
		60A500DB12AEA2A900893CDF /* ASIHTTPRequest.m */ = {isa = PBXFileReference; fileEncoding = 4; lastKnownFileType = sourcecode.c.objc; path = ASIHTTPRequest.m; sourceTree = "<group>"; };
		60A500DC12AEA2A900893CDF /* ASIHTTPRequestConfig.h */ = {isa = PBXFileReference; fileEncoding = 4; lastKnownFileType = sourcecode.c.h; path = ASIHTTPRequestConfig.h; sourceTree = "<group>"; };
		60A500DD12AEA2A900893CDF /* ASIHTTPRequestDelegate.h */ = {isa = PBXFileReference; fileEncoding = 4; lastKnownFileType = sourcecode.c.h; path = ASIHTTPRequestDelegate.h; sourceTree = "<group>"; };
		60A500DE12AEA2A900893CDF /* ASIInputStream.h */ = {isa = PBXFileReference; fileEncoding = 4; lastKnownFileType = sourcecode.c.h; path = ASIInputStream.h; sourceTree = "<group>"; };
		60A500DF12AEA2A900893CDF /* ASIInputStream.m */ = {isa = PBXFileReference; fileEncoding = 4; lastKnownFileType = sourcecode.c.objc; path = ASIInputStream.m; sourceTree = "<group>"; };
		60A500E012AEA2A900893CDF /* ASINetworkQueue.h */ = {isa = PBXFileReference; fileEncoding = 4; lastKnownFileType = sourcecode.c.h; path = ASINetworkQueue.h; sourceTree = "<group>"; };
		60A500E112AEA2A900893CDF /* ASINetworkQueue.m */ = {isa = PBXFileReference; fileEncoding = 4; lastKnownFileType = sourcecode.c.objc; path = ASINetworkQueue.m; sourceTree = "<group>"; };
		60A500E212AEA2A900893CDF /* ASIProgressDelegate.h */ = {isa = PBXFileReference; fileEncoding = 4; lastKnownFileType = sourcecode.c.h; path = ASIProgressDelegate.h; sourceTree = "<group>"; };
		60A500EA12AEA38C00893CDF /* libz.dylib */ = {isa = PBXFileReference; lastKnownFileType = "compiled.mach-o.dylib"; name = libz.dylib; path = usr/lib/libz.dylib; sourceTree = SDKROOT; };
		60A500EC12AEA39700893CDF /* CoreServices.framework */ = {isa = PBXFileReference; lastKnownFileType = wrapper.framework; name = CoreServices.framework; path = System/Library/Frameworks/CoreServices.framework; sourceTree = SDKROOT; };
		60A500EE12AEA39D00893CDF /* SystemConfiguration.framework */ = {isa = PBXFileReference; lastKnownFileType = wrapper.framework; name = SystemConfiguration.framework; path = System/Library/Frameworks/SystemConfiguration.framework; sourceTree = SDKROOT; };
/* End PBXFileReference section */

/* Begin PBXFrameworksBuildPhase section */
		6091D3DD12AD5612005722BD /* Frameworks */ = {
			isa = PBXFrameworksBuildPhase;
			buildActionMask = 2147483647;
			files = (
				60A500EF12AEA39D00893CDF /* SystemConfiguration.framework in Frameworks */,
				60A500ED12AEA39700893CDF /* CoreServices.framework in Frameworks */,
				60A500EB12AEA38C00893CDF /* libz.dylib in Frameworks */,
				6091D3E412AD5612005722BD /* Cocoa.framework in Frameworks */,
				6091D40212AD569E005722BD /* MacFUSE.framework in Frameworks */,
			);
			runOnlyForDeploymentPostprocessing = 0;
		};
/* End PBXFrameworksBuildPhase section */

/* Begin PBXGroup section */
		6091D3D112AD5611005722BD = {
			isa = PBXGroup;
			children = (
				60A500EA12AEA38C00893CDF /* libz.dylib */,
				6091D3D812AD5612005722BD /* Classes */,
				6091D3D912AD5612005722BD /* Other Sources */,
				6091D3DA12AD5612005722BD /* Resources */,
				6091D3DB12AD5612005722BD /* Frameworks */,
				6091D3E112AD5612005722BD /* Products */,
			);
			sourceTree = "<group>";
		};
		6091D3D812AD5612005722BD /* Classes */ = {
			isa = PBXGroup;
			children = (
				60A500D012AEA22100893CDF /* ASIHTTP */,
				605F3B7812AD7AE900D0103C /* GHFile.h */,
				605F3B7912AD7AE900D0103C /* GHFile.m */,
				6091D3F212AD5612005722BD /* FUSEHubAppDelegate.h */,
				6091D3F312AD5612005722BD /* FUSEHubAppDelegate.m */,
				6091D40312AD56D0005722BD /* GHFileSystem.h */,
				6091D40412AD56D0005722BD /* GHFileSystem.m */,
				6077C93B12AD661E00E32F07 /* GHBlobParser.h */,
				6077C93C12AD661E00E32F07 /* GHBlobParser.m */,
			);
			path = Classes;
			sourceTree = "<group>";
		};
		6091D3D912AD5612005722BD /* Other Sources */ = {
			isa = PBXGroup;
			children = (
				6091D3E612AD5612005722BD /* FUSEHub_Prefix.pch */,
				6091D3EA12AD5612005722BD /* main.m */,
			);
			name = "Other Sources";
			sourceTree = "<group>";
		};
		6091D3DA12AD5612005722BD /* Resources */ = {
			isa = PBXGroup;
			children = (
				6091D40612AD5805005722BD /* Fuse.icns */,
				6091D3E512AD5612005722BD /* FUSEHub-Info.plist */,
				6091D3E712AD5612005722BD /* InfoPlist.strings */,
				6091D3EC12AD5612005722BD /* MainMenu.xib */,
				6091D3EF12AD5612005722BD /* Credits.rtf */,
			);
			name = Resources;
			sourceTree = "<group>";
		};
		6091D3DB12AD5612005722BD /* Frameworks */ = {
			isa = PBXGroup;
			children = (
				60A500EE12AEA39D00893CDF /* SystemConfiguration.framework */,
				60A500EC12AEA39700893CDF /* CoreServices.framework */,
				6091D40112AD569E005722BD /* MacFUSE.framework */,
				6091D3E312AD5612005722BD /* Cocoa.framework */,
			);
			name = Frameworks;
			sourceTree = "<group>";
		};
		6091D3E112AD5612005722BD /* Products */ = {
			isa = PBXGroup;
			children = (
				6091D3E012AD5612005722BD /* FUSEHub.app */,
			);
			name = Products;
			sourceTree = "<group>";
		};
		60A500D012AEA22100893CDF /* ASIHTTP */ = {
			isa = PBXGroup;
			children = (
				60A500D112AEA2A900893CDF /* ASICacheDelegate.h */,
				60A500D212AEA2A900893CDF /* ASIDataCompressor.h */,
				60A500D312AEA2A900893CDF /* ASIDataCompressor.m */,
				60A500D412AEA2A900893CDF /* ASIDataDecompressor.h */,
				60A500D512AEA2A900893CDF /* ASIDataDecompressor.m */,
				60A500D612AEA2A900893CDF /* ASIDownloadCache.h */,
				60A500D712AEA2A900893CDF /* ASIDownloadCache.m */,
				60A500D812AEA2A900893CDF /* ASIFormDataRequest.h */,
				60A500D912AEA2A900893CDF /* ASIFormDataRequest.m */,
				60A500DA12AEA2A900893CDF /* ASIHTTPRequest.h */,
				60A500DB12AEA2A900893CDF /* ASIHTTPRequest.m */,
				60A500DC12AEA2A900893CDF /* ASIHTTPRequestConfig.h */,
				60A500DD12AEA2A900893CDF /* ASIHTTPRequestDelegate.h */,
				60A500DE12AEA2A900893CDF /* ASIInputStream.h */,
				60A500DF12AEA2A900893CDF /* ASIInputStream.m */,
				60A500E012AEA2A900893CDF /* ASINetworkQueue.h */,
				60A500E112AEA2A900893CDF /* ASINetworkQueue.m */,
				60A500E212AEA2A900893CDF /* ASIProgressDelegate.h */,
			);
			name = ASIHTTP;
			sourceTree = "<group>";
		};
/* End PBXGroup section */

/* Begin PBXNativeTarget section */
		6091D3DF12AD5612005722BD /* FUSEHub */ = {
			isa = PBXNativeTarget;
			buildConfigurationList = 6091D3F712AD5612005722BD /* Build configuration list for PBXNativeTarget "FUSEHub" */;
			buildPhases = (
				6091D3DC12AD5612005722BD /* Sources */,
				6091D3DD12AD5612005722BD /* Frameworks */,
				6091D3DE12AD5612005722BD /* Resources */,
				6077C94512AD6A6100E32F07 /* CopyFiles */,
			);
			buildRules = (
			);
			dependencies = (
			);
			name = FUSEHub;
			productName = FUSEHub;
			productReference = 6091D3E012AD5612005722BD /* FUSEHub.app */;
			productType = "com.apple.product-type.application";
		};
/* End PBXNativeTarget section */

/* Begin PBXProject section */
		6091D3D312AD5611005722BD /* Project object */ = {
			isa = PBXProject;
			attributes = {
				ORGANIZATIONNAME = "http://www.ortatherox.com";
			};
			buildConfigurationList = 6091D3D612AD5611005722BD /* Build configuration list for PBXProject "FUSEHub" */;
			compatibilityVersion = "Xcode 3.2";
			developmentRegion = English;
			hasScannedForEncodings = 0;
			knownRegions = (
				en,
			);
			mainGroup = 6091D3D112AD5611005722BD;
			productRefGroup = 6091D3E112AD5612005722BD /* Products */;
			projectDirPath = "";
			projectRoot = "";
			targets = (
				6091D3DF12AD5612005722BD /* FUSEHub */,
			);
		};
/* End PBXProject section */

/* Begin PBXResourcesBuildPhase section */
		6091D3DE12AD5612005722BD /* Resources */ = {
			isa = PBXResourcesBuildPhase;
			buildActionMask = 2147483647;
			files = (
				6091D3E912AD5612005722BD /* InfoPlist.strings in Resources */,
				6091D3EE12AD5612005722BD /* MainMenu.xib in Resources */,
				6091D3F112AD5612005722BD /* Credits.rtf in Resources */,
				6091D40712AD5805005722BD /* Fuse.icns in Resources */,
			);
			runOnlyForDeploymentPostprocessing = 0;
		};
/* End PBXResourcesBuildPhase section */

/* Begin PBXSourcesBuildPhase section */
		6091D3DC12AD5612005722BD /* Sources */ = {
			isa = PBXSourcesBuildPhase;
			buildActionMask = 2147483647;
			files = (
				6091D3EB12AD5612005722BD /* main.m in Sources */,
				6091D3F412AD5612005722BD /* FUSEHubAppDelegate.m in Sources */,
				6091D40512AD56D0005722BD /* GHFileSystem.m in Sources */,
				6077C93D12AD661E00E32F07 /* GHBlobParser.m in Sources */,
				605F3B7A12AD7AE900D0103C /* GHFile.m in Sources */,
				60A500E312AEA2A900893CDF /* ASIDataCompressor.m in Sources */,
				60A500E412AEA2A900893CDF /* ASIDataDecompressor.m in Sources */,
				60A500E512AEA2A900893CDF /* ASIDownloadCache.m in Sources */,
				60A500E612AEA2A900893CDF /* ASIFormDataRequest.m in Sources */,
				60A500E712AEA2A900893CDF /* ASIHTTPRequest.m in Sources */,
				60A500E812AEA2A900893CDF /* ASIInputStream.m in Sources */,
				60A500E912AEA2A900893CDF /* ASINetworkQueue.m in Sources */,
			);
			runOnlyForDeploymentPostprocessing = 0;
		};
/* End PBXSourcesBuildPhase section */

/* Begin PBXVariantGroup section */
		6091D3E712AD5612005722BD /* InfoPlist.strings */ = {
			isa = PBXVariantGroup;
			children = (
				6091D3E812AD5612005722BD /* en */,
			);
			name = InfoPlist.strings;
			sourceTree = "<group>";
		};
		6091D3EC12AD5612005722BD /* MainMenu.xib */ = {
			isa = PBXVariantGroup;
			children = (
				6091D3ED12AD5612005722BD /* en */,
			);
			name = MainMenu.xib;
			sourceTree = "<group>";
		};
		6091D3EF12AD5612005722BD /* Credits.rtf */ = {
			isa = PBXVariantGroup;
			children = (
				6091D3F012AD5612005722BD /* en */,
			);
			name = Credits.rtf;
			sourceTree = "<group>";
		};
/* End PBXVariantGroup section */

/* Begin XCBuildConfiguration section */
		6091D3F512AD5612005722BD /* Debug */ = {
			isa = XCBuildConfiguration;
			buildSettings = {
				ARCHS = "$(ARCHS_STANDARD_32_64_BIT)";
				GCC_C_LANGUAGE_STANDARD = gnu99;
				GCC_OPTIMIZATION_LEVEL = 0;
				GCC_PREPROCESSOR_DEFINITIONS = DEBUG;
				GCC_VERSION = com.apple.compilers.llvm.clang.1_0;
				GCC_WARN_ABOUT_RETURN_TYPE = YES;
				GCC_WARN_UNUSED_VARIABLE = YES;
				MACOSX_DEPLOYMENT_TARGET = 10.6;
				ONLY_ACTIVE_ARCH = YES;
				PREBINDING = NO;
				SDKROOT = macosx;
			};
			name = Debug;
		};
		6091D3F612AD5612005722BD /* Release */ = {
			isa = XCBuildConfiguration;
			buildSettings = {
				ARCHS = "$(ARCHS_STANDARD_32_64_BIT)";
				GCC_C_LANGUAGE_STANDARD = gnu99;
				GCC_VERSION = com.apple.compilers.llvm.clang.1_0;
				GCC_WARN_ABOUT_RETURN_TYPE = YES;
				GCC_WARN_UNUSED_VARIABLE = YES;
				MACOSX_DEPLOYMENT_TARGET = 10.6;
				PREBINDING = NO;
				SDKROOT = macosx;
			};
			name = Release;
		};
		6091D3F812AD5612005722BD /* Debug */ = {
			isa = XCBuildConfiguration;
			buildSettings = {
				ALWAYS_SEARCH_USER_PATHS = NO;
				COPY_PHASE_STRIP = NO;
				FRAMEWORK_SEARCH_PATHS = (
					"$(inherited)",
					"\"$(SRCROOT)\"",
				);
				GCC_DYNAMIC_NO_PIC = NO;
				GCC_ENABLE_OBJC_EXCEPTIONS = YES;
				GCC_ENABLE_OBJC_GC = supported;
				GCC_MODEL_TUNING = G5;
				GCC_PRECOMPILE_PREFIX_HEADER = YES;
				GCC_PREFIX_HEADER = FUSEHub_Prefix.pch;
				INFOPLIST_FILE = "FUSEHub-Info.plist";
				INSTALL_PATH = "$(HOME)/Applications";
				PRODUCT_NAME = "$(TARGET_NAME)";
				WRAPPER_EXTENSION = app;
			};
			name = Debug;
		};
		6091D3F912AD5612005722BD /* Release */ = {
			isa = XCBuildConfiguration;
			buildSettings = {
				ALWAYS_SEARCH_USER_PATHS = NO;
				COPY_PHASE_STRIP = YES;
				DEBUG_INFORMATION_FORMAT = "dwarf-with-dsym";
				FRAMEWORK_SEARCH_PATHS = (
					"$(inherited)",
					"\"$(SRCROOT)\"",
				);
				GCC_ENABLE_OBJC_EXCEPTIONS = YES;
				GCC_ENABLE_OBJC_GC = supported;
				GCC_MODEL_TUNING = G5;
				GCC_PRECOMPILE_PREFIX_HEADER = YES;
				GCC_PREFIX_HEADER = FUSEHub_Prefix.pch;
				INFOPLIST_FILE = "FUSEHub-Info.plist";
				INSTALL_PATH = "$(HOME)/Applications";
				PRODUCT_NAME = "$(TARGET_NAME)";
				WRAPPER_EXTENSION = app;
			};
			name = Release;
		};
/* End XCBuildConfiguration section */

/* Begin XCConfigurationList section */
		6091D3D612AD5611005722BD /* Build configuration list for PBXProject "FUSEHub" */ = {
			isa = XCConfigurationList;
			buildConfigurations = (
				6091D3F512AD5612005722BD /* Debug */,
				6091D3F612AD5612005722BD /* Release */,
			);
			defaultConfigurationIsVisible = 0;
			defaultConfigurationName = Release;
		};
		6091D3F712AD5612005722BD /* Build configuration list for PBXNativeTarget "FUSEHub" */ = {
			isa = XCConfigurationList;
			buildConfigurations = (
				6091D3F812AD5612005722BD /* Debug */,
				6091D3F912AD5612005722BD /* Release */,
			);
			defaultConfigurationIsVisible = 0;
			defaultConfigurationName = Release;
		};
/* End XCConfigurationList section */
	};
	rootObject = 6091D3D312AD5611005722BD /* Project object */;
}
